// !$*UTF8*$!
{
	archiveVersion = 1;
	classes = {
	};
	objectVersion = 50;
	objects = {

/* Begin PBXBuildFile section */
		C34B19D223E3D675000B1869 /* AppDelegate.swift in Sources */ = {isa = PBXBuildFile; fileRef = C34B19D123E3D675000B1869 /* AppDelegate.swift */; };
		C34B19D423E3D675000B1869 /* SceneDelegate.swift in Sources */ = {isa = PBXBuildFile; fileRef = C34B19D323E3D675000B1869 /* SceneDelegate.swift */; };
		C34B19D823E3D676000B1869 /* Assets.xcassets in Resources */ = {isa = PBXBuildFile; fileRef = C34B19D723E3D676000B1869 /* Assets.xcassets */; };
		C34B19DB23E3D676000B1869 /* Preview Assets.xcassets in Resources */ = {isa = PBXBuildFile; fileRef = C34B19DA23E3D676000B1869 /* Preview Assets.xcassets */; };
		C34B19DE23E3D676000B1869 /* LaunchScreen.storyboard in Resources */ = {isa = PBXBuildFile; fileRef = C34B19DC23E3D676000B1869 /* LaunchScreen.storyboard */; };
		C37E8E1A23E48031001DECBE /* SimpleBluetoothIO.swift in Sources */ = {isa = PBXBuildFile; fileRef = C37E8E1923E48030001DECBE /* SimpleBluetoothIO.swift */; };
		C37E8E1D23E48172001DECBE /* NSData+Int8.swift in Sources */ = {isa = PBXBuildFile; fileRef = C37E8E1C23E48172001DECBE /* NSData+Int8.swift */; };
		C37E8E3F23E4905D001DECBE /* ContentView.swift in Sources */ = {isa = PBXBuildFile; fileRef = C37E8E3E23E49057001DECBE /* ContentView.swift */; };
		C37E8E4223E4A138001DECBE /* Activity Indicator.swift in Sources */ = {isa = PBXBuildFile; fileRef = C37E8E4123E4A138001DECBE /* Activity Indicator.swift */; };
		C37E8E4623E4A2D6001DECBE /* Home.swift in Sources */ = {isa = PBXBuildFile; fileRef = C37E8E4523E4A2D6001DECBE /* Home.swift */; };
		C37E8E4A23E4B8DA001DECBE /* SetupWifi.swift in Sources */ = {isa = PBXBuildFile; fileRef = C37E8E4923E4B8DA001DECBE /* SetupWifi.swift */; };
		C3C4320623E728BF00F1726E /* MicropythonBluetooth.swift in Sources */ = {isa = PBXBuildFile; fileRef = C3C4320523E728BF00F1726E /* MicropythonBluetooth.swift */; };
		C3C4320A23E7470D00F1726E /* LazyView.swift in Sources */ = {isa = PBXBuildFile; fileRef = C3C4320923E7470D00F1726E /* LazyView.swift */; };
/* End PBXBuildFile section */

/* Begin PBXFileReference section */
		C34B19CE23E3D675000B1869 /* HelloWifi.app */ = {isa = PBXFileReference; explicitFileType = wrapper.application; includeInIndex = 0; path = HelloWifi.app; sourceTree = BUILT_PRODUCTS_DIR; };
		C34B19D123E3D675000B1869 /* AppDelegate.swift */ = {isa = PBXFileReference; lastKnownFileType = sourcecode.swift; path = AppDelegate.swift; sourceTree = "<group>"; };
		C34B19D323E3D675000B1869 /* SceneDelegate.swift */ = {isa = PBXFileReference; lastKnownFileType = sourcecode.swift; path = SceneDelegate.swift; sourceTree = "<group>"; };
		C34B19D723E3D676000B1869 /* Assets.xcassets */ = {isa = PBXFileReference; lastKnownFileType = folder.assetcatalog; path = Assets.xcassets; sourceTree = "<group>"; };
		C34B19DA23E3D676000B1869 /* Preview Assets.xcassets */ = {isa = PBXFileReference; lastKnownFileType = folder.assetcatalog; path = "Preview Assets.xcassets"; sourceTree = "<group>"; };
		C34B19DD23E3D676000B1869 /* Base */ = {isa = PBXFileReference; lastKnownFileType = file.storyboard; name = Base; path = Base.lproj/LaunchScreen.storyboard; sourceTree = "<group>"; };
		C34B19DF23E3D676000B1869 /* Info.plist */ = {isa = PBXFileReference; lastKnownFileType = text.plist.xml; path = Info.plist; sourceTree = "<group>"; };
		C37E8E1923E48030001DECBE /* SimpleBluetoothIO.swift */ = {isa = PBXFileReference; fileEncoding = 4; lastKnownFileType = sourcecode.swift; path = SimpleBluetoothIO.swift; sourceTree = "<group>"; };
		C37E8E1C23E48172001DECBE /* NSData+Int8.swift */ = {isa = PBXFileReference; fileEncoding = 4; lastKnownFileType = sourcecode.swift; path = "NSData+Int8.swift"; sourceTree = "<group>"; };
		C37E8E3E23E49057001DECBE /* ContentView.swift */ = {isa = PBXFileReference; lastKnownFileType = sourcecode.swift; path = ContentView.swift; sourceTree = "<group>"; };
		C37E8E4123E4A138001DECBE /* Activity Indicator.swift */ = {isa = PBXFileReference; lastKnownFileType = sourcecode.swift; path = "Activity Indicator.swift"; sourceTree = "<group>"; };
		C37E8E4523E4A2D6001DECBE /* Home.swift */ = {isa = PBXFileReference; lastKnownFileType = sourcecode.swift; path = Home.swift; sourceTree = "<group>"; };
		C37E8E4823E4A979001DECBE /* HelloWifi.entitlements */ = {isa = PBXFileReference; lastKnownFileType = text.plist.entitlements; path = HelloWifi.entitlements; sourceTree = "<group>"; };
		C37E8E4923E4B8DA001DECBE /* SetupWifi.swift */ = {isa = PBXFileReference; lastKnownFileType = sourcecode.swift; path = SetupWifi.swift; sourceTree = "<group>"; };
		C3C4320523E728BF00F1726E /* MicropythonBluetooth.swift */ = {isa = PBXFileReference; lastKnownFileType = sourcecode.swift; path = MicropythonBluetooth.swift; sourceTree = "<group>"; };
		C3C4320923E7470D00F1726E /* LazyView.swift */ = {isa = PBXFileReference; lastKnownFileType = sourcecode.swift; path = LazyView.swift; sourceTree = "<group>"; };
/* End PBXFileReference section */

/* Begin PBXFrameworksBuildPhase section */
		C34B19CB23E3D675000B1869 /* Frameworks */ = {
			isa = PBXFrameworksBuildPhase;
			buildActionMask = 2147483647;
			files = (
			);
			runOnlyForDeploymentPostprocessing = 0;
		};
/* End PBXFrameworksBuildPhase section */

/* Begin PBXGroup section */
		C34B19C523E3D675000B1869 = {
			isa = PBXGroup;
			children = (
				C34B19D023E3D675000B1869 /* HelloWifi */,
				C34B19CF23E3D675000B1869 /* Products */,
			);
			sourceTree = "<group>";
		};
		C34B19CF23E3D675000B1869 /* Products */ = {
			isa = PBXGroup;
			children = (
				C34B19CE23E3D675000B1869 /* HelloWifi.app */,
			);
			name = Products;
			sourceTree = "<group>";
		};
		C34B19D023E3D675000B1869 /* HelloWifi */ = {
			isa = PBXGroup;
			children = (
				C37E8E4823E4A979001DECBE /* HelloWifi.entitlements */,
				C34B19D123E3D675000B1869 /* AppDelegate.swift */,
				C34B19D323E3D675000B1869 /* SceneDelegate.swift */,
				C37E8E3E23E49057001DECBE /* ContentView.swift */,
				C37E8E4423E4A2BC001DECBE /* Views */,
				C37E8E4023E4A0F7001DECBE /* Supporting Views */,
				C3C4320423E7284300F1726E /* Bluetooth */,
				C34B19D723E3D676000B1869 /* Assets.xcassets */,
				C34B19DC23E3D676000B1869 /* LaunchScreen.storyboard */,
				C34B19DF23E3D676000B1869 /* Info.plist */,
				C34B19D923E3D676000B1869 /* Preview Content */,
			);
			path = HelloWifi;
			sourceTree = "<group>";
		};
		C34B19D923E3D676000B1869 /* Preview Content */ = {
			isa = PBXGroup;
			children = (
				C34B19DA23E3D676000B1869 /* Preview Assets.xcassets */,
			);
			path = "Preview Content";
			sourceTree = "<group>";
		};
		C37E8E4023E4A0F7001DECBE /* Supporting Views */ = {
			isa = PBXGroup;
			children = (
				C37E8E4123E4A138001DECBE /* Activity Indicator.swift */,
				C3C4320923E7470D00F1726E /* LazyView.swift */,
			);
			name = "Supporting Views";
			sourceTree = "<group>";
		};
		C37E8E4423E4A2BC001DECBE /* Views */ = {
			isa = PBXGroup;
			children = (
				C37E8E4523E4A2D6001DECBE /* Home.swift */,
				C37E8E4923E4B8DA001DECBE /* SetupWifi.swift */,
			);
			path = Views;
			sourceTree = "<group>";
		};
		C3C4320423E7284300F1726E /* Bluetooth */ = {
			isa = PBXGroup;
			children = (
				C3C4320523E728BF00F1726E /* MicropythonBluetooth.swift */,
				C37E8E1C23E48172001DECBE /* NSData+Int8.swift */,
				C37E8E1923E48030001DECBE /* SimpleBluetoothIO.swift */,
			);
			name = Bluetooth;
			sourceTree = "<group>";
		};
/* End PBXGroup section */

/* Begin PBXNativeTarget section */
		C34B19CD23E3D675000B1869 /* HelloWifi */ = {
			isa = PBXNativeTarget;
			buildConfigurationList = C34B19E223E3D676000B1869 /* Build configuration list for PBXNativeTarget "HelloWifi" */;
			buildPhases = (
				C34B19CA23E3D675000B1869 /* Sources */,
				C34B19CB23E3D675000B1869 /* Frameworks */,
				C34B19CC23E3D675000B1869 /* Resources */,
			);
			buildRules = (
			);
			dependencies = (
			);
			name = HelloWifi;
			productName = HelloWifi;
			productReference = C34B19CE23E3D675000B1869 /* HelloWifi.app */;
			productType = "com.apple.product-type.application";
		};
/* End PBXNativeTarget section */

/* Begin PBXProject section */
		C34B19C623E3D675000B1869 /* Project object */ = {
			isa = PBXProject;
			attributes = {
				LastSwiftUpdateCheck = 1130;
				LastUpgradeCheck = 1130;
				ORGANIZATIONNAME = Bengalbot;
				TargetAttributes = {
					C34B19CD23E3D675000B1869 = {
						CreatedOnToolsVersion = 11.3.1;
					};
				};
			};
			buildConfigurationList = C34B19C923E3D675000B1869 /* Build configuration list for PBXProject "HelloWifi" */;
			compatibilityVersion = "Xcode 9.3";
			developmentRegion = en;
			hasScannedForEncodings = 0;
			knownRegions = (
				en,
				Base,
			);
			mainGroup = C34B19C523E3D675000B1869;
			productRefGroup = C34B19CF23E3D675000B1869 /* Products */;
			projectDirPath = "";
			projectRoot = "";
			targets = (
				C34B19CD23E3D675000B1869 /* HelloWifi */,
			);
		};
/* End PBXProject section */

/* Begin PBXResourcesBuildPhase section */
		C34B19CC23E3D675000B1869 /* Resources */ = {
			isa = PBXResourcesBuildPhase;
			buildActionMask = 2147483647;
			files = (
				C34B19DE23E3D676000B1869 /* LaunchScreen.storyboard in Resources */,
				C34B19DB23E3D676000B1869 /* Preview Assets.xcassets in Resources */,
				C34B19D823E3D676000B1869 /* Assets.xcassets in Resources */,
			);
			runOnlyForDeploymentPostprocessing = 0;
		};
/* End PBXResourcesBuildPhase section */

/* Begin PBXSourcesBuildPhase section */
		C34B19CA23E3D675000B1869 /* Sources */ = {
			isa = PBXSourcesBuildPhase;
			buildActionMask = 2147483647;
			files = (
				C37E8E1D23E48172001DECBE /* NSData+Int8.swift in Sources */,
				C37E8E4223E4A138001DECBE /* Activity Indicator.swift in Sources */,
				C37E8E4A23E4B8DA001DECBE /* SetupWifi.swift in Sources */,
				C37E8E3F23E4905D001DECBE /* ContentView.swift in Sources */,
				C3C4320623E728BF00F1726E /* MicropythonBluetooth.swift in Sources */,
				C34B19D223E3D675000B1869 /* AppDelegate.swift in Sources */,
				C3C4320A23E7470D00F1726E /* LazyView.swift in Sources */,
				C34B19D423E3D675000B1869 /* SceneDelegate.swift in Sources */,
				C37E8E1A23E48031001DECBE /* SimpleBluetoothIO.swift in Sources */,
				C37E8E4623E4A2D6001DECBE /* Home.swift in Sources */,
			);
			runOnlyForDeploymentPostprocessing = 0;
		};
/* End PBXSourcesBuildPhase section */

/* Begin PBXVariantGroup section */
		C34B19DC23E3D676000B1869 /* LaunchScreen.storyboard */ = {
			isa = PBXVariantGroup;
			children = (
				C34B19DD23E3D676000B1869 /* Base */,
			);
			name = LaunchScreen.storyboard;
			sourceTree = "<group>";
		};
/* End PBXVariantGroup section */

/* Begin XCBuildConfiguration section */
		C34B19E023E3D676000B1869 /* Debug */ = {
			isa = XCBuildConfiguration;
			buildSettings = {
				ALWAYS_SEARCH_USER_PATHS = NO;
				CLANG_ANALYZER_NONNULL = YES;
				CLANG_ANALYZER_NUMBER_OBJECT_CONVERSION = YES_AGGRESSIVE;
				CLANG_CXX_LANGUAGE_STANDARD = "gnu++14";
				CLANG_CXX_LIBRARY = "libc++";
				CLANG_ENABLE_MODULES = YES;
				CLANG_ENABLE_OBJC_ARC = YES;
				CLANG_ENABLE_OBJC_WEAK = YES;
				CLANG_WARN_BLOCK_CAPTURE_AUTORELEASING = YES;
				CLANG_WARN_BOOL_CONVERSION = YES;
				CLANG_WARN_COMMA = YES;
				CLANG_WARN_CONSTANT_CONVERSION = YES;
				CLANG_WARN_DEPRECATED_OBJC_IMPLEMENTATIONS = YES;
				CLANG_WARN_DIRECT_OBJC_ISA_USAGE = YES_ERROR;
				CLANG_WARN_DOCUMENTATION_COMMENTS = YES;
				CLANG_WARN_EMPTY_BODY = YES;
				CLANG_WARN_ENUM_CONVERSION = YES;
				CLANG_WARN_INFINITE_RECURSION = YES;
				CLANG_WARN_INT_CONVERSION = YES;
				CLANG_WARN_NON_LITERAL_NULL_CONVERSION = YES;
				CLANG_WARN_OBJC_IMPLICIT_RETAIN_SELF = YES;
				CLANG_WARN_OBJC_LITERAL_CONVERSION = YES;
				CLANG_WARN_OBJC_ROOT_CLASS = YES_ERROR;
				CLANG_WARN_RANGE_LOOP_ANALYSIS = YES;
				CLANG_WARN_STRICT_PROTOTYPES = YES;
				CLANG_WARN_SUSPICIOUS_MOVE = YES;
				CLANG_WARN_UNGUARDED_AVAILABILITY = YES_AGGRESSIVE;
				CLANG_WARN_UNREACHABLE_CODE = YES;
				CLANG_WARN__DUPLICATE_METHOD_MATCH = YES;
				COPY_PHASE_STRIP = NO;
				DEBUG_INFORMATION_FORMAT = dwarf;
				ENABLE_STRICT_OBJC_MSGSEND = YES;
				ENABLE_TESTABILITY = YES;
				GCC_C_LANGUAGE_STANDARD = gnu11;
				GCC_DYNAMIC_NO_PIC = NO;
				GCC_NO_COMMON_BLOCKS = YES;
				GCC_OPTIMIZATION_LEVEL = 0;
				GCC_PREPROCESSOR_DEFINITIONS = (
					"DEBUG=1",
					"$(inherited)",
				);
				GCC_WARN_64_TO_32_BIT_CONVERSION = YES;
				GCC_WARN_ABOUT_RETURN_TYPE = YES_ERROR;
				GCC_WARN_UNDECLARED_SELECTOR = YES;
				GCC_WARN_UNINITIALIZED_AUTOS = YES_AGGRESSIVE;
				GCC_WARN_UNUSED_FUNCTION = YES;
				GCC_WARN_UNUSED_VARIABLE = YES;
				IPHONEOS_DEPLOYMENT_TARGET = 13.2;
				MTL_ENABLE_DEBUG_INFO = INCLUDE_SOURCE;
				MTL_FAST_MATH = YES;
				ONLY_ACTIVE_ARCH = YES;
				SDKROOT = iphoneos;
				SWIFT_ACTIVE_COMPILATION_CONDITIONS = DEBUG;
				SWIFT_OPTIMIZATION_LEVEL = "-Onone";
			};
			name = Debug;
		};
		C34B19E123E3D676000B1869 /* Release */ = {
			isa = XCBuildConfiguration;
			buildSettings = {
				ALWAYS_SEARCH_USER_PATHS = NO;
				CLANG_ANALYZER_NONNULL = YES;
				CLANG_ANALYZER_NUMBER_OBJECT_CONVERSION = YES_AGGRESSIVE;
				CLANG_CXX_LANGUAGE_STANDARD = "gnu++14";
				CLANG_CXX_LIBRARY = "libc++";
				CLANG_ENABLE_MODULES = YES;
				CLANG_ENABLE_OBJC_ARC = YES;
				CLANG_ENABLE_OBJC_WEAK = YES;
				CLANG_WARN_BLOCK_CAPTURE_AUTORELEASING = YES;
				CLANG_WARN_BOOL_CONVERSION = YES;
				CLANG_WARN_COMMA = YES;
				CLANG_WARN_CONSTANT_CONVERSION = YES;
				CLANG_WARN_DEPRECATED_OBJC_IMPLEMENTATIONS = YES;
				CLANG_WARN_DIRECT_OBJC_ISA_USAGE = YES_ERROR;
				CLANG_WARN_DOCUMENTATION_COMMENTS = YES;
				CLANG_WARN_EMPTY_BODY = YES;
				CLANG_WARN_ENUM_CONVERSION = YES;
				CLANG_WARN_INFINITE_RECURSION = YES;
				CLANG_WARN_INT_CONVERSION = YES;
				CLANG_WARN_NON_LITERAL_NULL_CONVERSION = YES;
				CLANG_WARN_OBJC_IMPLICIT_RETAIN_SELF = YES;
				CLANG_WARN_OBJC_LITERAL_CONVERSION = YES;
				CLANG_WARN_OBJC_ROOT_CLASS = YES_ERROR;
				CLANG_WARN_RANGE_LOOP_ANALYSIS = YES;
				CLANG_WARN_STRICT_PROTOTYPES = YES;
				CLANG_WARN_SUSPICIOUS_MOVE = YES;
				CLANG_WARN_UNGUARDED_AVAILABILITY = YES_AGGRESSIVE;
				CLANG_WARN_UNREACHABLE_CODE = YES;
				CLANG_WARN__DUPLICATE_METHOD_MATCH = YES;
				COPY_PHASE_STRIP = NO;
				DEBUG_INFORMATION_FORMAT = "dwarf-with-dsym";
				ENABLE_NS_ASSERTIONS = NO;
				ENABLE_STRICT_OBJC_MSGSEND = YES;
				GCC_C_LANGUAGE_STANDARD = gnu11;
				GCC_NO_COMMON_BLOCKS = YES;
				GCC_WARN_64_TO_32_BIT_CONVERSION = YES;
				GCC_WARN_ABOUT_RETURN_TYPE = YES_ERROR;
				GCC_WARN_UNDECLARED_SELECTOR = YES;
				GCC_WARN_UNINITIALIZED_AUTOS = YES_AGGRESSIVE;
				GCC_WARN_UNUSED_FUNCTION = YES;
				GCC_WARN_UNUSED_VARIABLE = YES;
				IPHONEOS_DEPLOYMENT_TARGET = 13.2;
				MTL_ENABLE_DEBUG_INFO = NO;
				MTL_FAST_MATH = YES;
				SDKROOT = iphoneos;
				SWIFT_COMPILATION_MODE = wholemodule;
				SWIFT_OPTIMIZATION_LEVEL = "-O";
				VALIDATE_PRODUCT = YES;
			};
			name = Release;
		};
		C34B19E323E3D676000B1869 /* Debug */ = {
			isa = XCBuildConfiguration;
			buildSettings = {
				ASSETCATALOG_COMPILER_APPICON_NAME = AppIcon;
				CODE_SIGN_ENTITLEMENTS = HelloWifi/HelloWifi.entitlements;
				CODE_SIGN_STYLE = Automatic;
				DERIVE_MACCATALYST_PRODUCT_BUNDLE_IDENTIFIER = YES;
				DEVELOPMENT_ASSET_PATHS = "\"HelloWifi/Preview Content\"";
				DEVELOPMENT_TEAM = 5ZVLGU58A8;
				ENABLE_PREVIEWS = YES;
				INFOPLIST_FILE = HelloWifi/Info.plist;
				LD_RUNPATH_SEARCH_PATHS = (
					"$(inherited)",
					"@executable_path/Frameworks",
				);
				PRODUCT_BUNDLE_IDENTIFIER = com.bengalbot.HelloWifi;
				PRODUCT_NAME = "$(TARGET_NAME)";
				SUPPORTS_MACCATALYST = YES;
				SWIFT_VERSION = 5.0;
				TARGETED_DEVICE_FAMILY = "1,2";
			};
			name = Debug;
		};
		C34B19E423E3D676000B1869 /* Release */ = {
			isa = XCBuildConfiguration;
			buildSettings = {
				ASSETCATALOG_COMPILER_APPICON_NAME = AppIcon;
				CODE_SIGN_ENTITLEMENTS = HelloWifi/HelloWifi.entitlements;
				CODE_SIGN_STYLE = Automatic;
				DERIVE_MACCATALYST_PRODUCT_BUNDLE_IDENTIFIER = YES;
				DEVELOPMENT_ASSET_PATHS = "\"HelloWifi/Preview Content\"";
				DEVELOPMENT_TEAM = 5ZVLGU58A8;
				ENABLE_PREVIEWS = YES;
				INFOPLIST_FILE = HelloWifi/Info.plist;
				LD_RUNPATH_SEARCH_PATHS = (
					"$(inherited)",
					"@executable_path/Frameworks",
				);
				PRODUCT_BUNDLE_IDENTIFIER = com.bengalbot.HelloWifi;
				PRODUCT_NAME = "$(TARGET_NAME)";
				SUPPORTS_MACCATALYST = YES;
				SWIFT_VERSION = 5.0;
				TARGETED_DEVICE_FAMILY = "1,2";
			};
			name = Release;
		};
/* End XCBuildConfiguration section */

/* Begin XCConfigurationList section */
		C34B19C923E3D675000B1869 /* Build configuration list for PBXProject "HelloWifi" */ = {
			isa = XCConfigurationList;
			buildConfigurations = (
				C34B19E023E3D676000B1869 /* Debug */,
				C34B19E123E3D676000B1869 /* Release */,
			);
			defaultConfigurationIsVisible = 0;
			defaultConfigurationName = Release;
		};
		C34B19E223E3D676000B1869 /* Build configuration list for PBXNativeTarget "HelloWifi" */ = {
			isa = XCConfigurationList;
			buildConfigurations = (
				C34B19E323E3D676000B1869 /* Debug */,
				C34B19E423E3D676000B1869 /* Release */,
			);
			defaultConfigurationIsVisible = 0;
			defaultConfigurationName = Release;
		};
/* End XCConfigurationList section */
	};
	rootObject = C34B19C623E3D675000B1869 /* Project object */;
}
